// !$*UTF8*$!
{
	archiveVersion = 1;
	classes = {
	};
	objectVersion = 46;
	objects = {

/* Begin PBXBuildFile section */
		7856D0C81C909EE90036ED85 /* AppDelegate.swift in Sources */ = {isa = PBXBuildFile; fileRef = 7856D0C71C909EE90036ED85 /* AppDelegate.swift */; };
		7856D0CA1C909EE90036ED85 /* ViewController.swift in Sources */ = {isa = PBXBuildFile; fileRef = 7856D0C91C909EE90036ED85 /* ViewController.swift */; };
		7856D0CD1C909EE90036ED85 /* Main.storyboard in Resources */ = {isa = PBXBuildFile; fileRef = 7856D0CB1C909EE90036ED85 /* Main.storyboard */; };
		7856D0D01C909EE90036ED85 /* swift2rest.xcdatamodeld in Sources */ = {isa = PBXBuildFile; fileRef = 7856D0CE1C909EE90036ED85 /* swift2rest.xcdatamodeld */; };
		7856D0D21C909EE90036ED85 /* Assets.xcassets in Resources */ = {isa = PBXBuildFile; fileRef = 7856D0D11C909EE90036ED85 /* Assets.xcassets */; };
		7856D0D51C909EE90036ED85 /* LaunchScreen.storyboard in Resources */ = {isa = PBXBuildFile; fileRef = 7856D0D31C909EE90036ED85 /* LaunchScreen.storyboard */; };
/* End PBXBuildFile section */

/* Begin PBXFileReference section */
		7856D0C41C909EE90036ED85 /* swift2rest.app */ = {isa = PBXFileReference; explicitFileType = wrapper.application; includeInIndex = 0; path = swift2rest.app; sourceTree = BUILT_PRODUCTS_DIR; };
		7856D0C71C909EE90036ED85 /* AppDelegate.swift */ = {isa = PBXFileReference; lastKnownFileType = sourcecode.swift; path = AppDelegate.swift; sourceTree = "<group>"; };
		7856D0C91C909EE90036ED85 /* ViewController.swift */ = {isa = PBXFileReference; lastKnownFileType = sourcecode.swift; path = ViewController.swift; sourceTree = "<group>"; };
		7856D0CC1C909EE90036ED85 /* Base */ = {isa = PBXFileReference; lastKnownFileType = file.storyboard; name = Base; path = Base.lproj/Main.storyboard; sourceTree = "<group>"; };
		7856D0CF1C909EE90036ED85 /* swift2rest.xcdatamodel */ = {isa = PBXFileReference; lastKnownFileType = wrapper.xcdatamodel; path = swift2rest.xcdatamodel; sourceTree = "<group>"; };
		7856D0D11C909EE90036ED85 /* Assets.xcassets */ = {isa = PBXFileReference; lastKnownFileType = folder.assetcatalog; path = Assets.xcassets; sourceTree = "<group>"; };
		7856D0D41C909EE90036ED85 /* Base */ = {isa = PBXFileReference; lastKnownFileType = file.storyboard; name = Base; path = Base.lproj/LaunchScreen.storyboard; sourceTree = "<group>"; };
		7856D0D61C909EE90036ED85 /* Info.plist */ = {isa = PBXFileReference; lastKnownFileType = text.plist.xml; path = Info.plist; sourceTree = "<group>"; };
/* End PBXFileReference section */

/* Begin PBXFrameworksBuildPhase section */
		7856D0C11C909EE90036ED85 /* Frameworks */ = {
			isa = PBXFrameworksBuildPhase;
			buildActionMask = 2147483647;
			files = (
			);
			runOnlyForDeploymentPostprocessing = 0;
		};
/* End PBXFrameworksBuildPhase section */

/* Begin PBXGroup section */
		7856D0BB1C909EE90036ED85 = {
			isa = PBXGroup;
			children = (
				7856D0C61C909EE90036ED85 /* swift2rest */,
				7856D0C51C909EE90036ED85 /* Products */,
			);
			sourceTree = "<group>";
		};
		7856D0C51C909EE90036ED85 /* Products */ = {
			isa = PBXGroup;
			children = (
				7856D0C41C909EE90036ED85 /* swift2rest.app */,
			);
			name = Products;
			sourceTree = "<group>";
		};
		7856D0C61C909EE90036ED85 /* swift2rest */ = {
			isa = PBXGroup;
			children = (
				7856D0C71C909EE90036ED85 /* AppDelegate.swift */,
				7856D0C91C909EE90036ED85 /* ViewController.swift */,
				7856D0CB1C909EE90036ED85 /* Main.storyboard */,
				7856D0D11C909EE90036ED85 /* Assets.xcassets */,
				7856D0D31C909EE90036ED85 /* LaunchScreen.storyboard */,
				7856D0D61C909EE90036ED85 /* Info.plist */,
				7856D0CE1C909EE90036ED85 /* swift2rest.xcdatamodeld */,
			);
			path = swift2rest;
			sourceTree = "<group>";
		};
/* End PBXGroup section */

/* Begin PBXNativeTarget section */
		7856D0C31C909EE90036ED85 /* swift2rest */ = {
			isa = PBXNativeTarget;
			buildConfigurationList = 7856D0D91C909EE90036ED85 /* Build configuration list for PBXNativeTarget "swift2rest" */;
			buildPhases = (
				7856D0C01C909EE90036ED85 /* Sources */,
				7856D0C11C909EE90036ED85 /* Frameworks */,
				7856D0C21C909EE90036ED85 /* Resources */,
			);
			buildRules = (
			);
			dependencies = (
			);
			name = swift2rest;
			productName = swift2rest;
			productReference = 7856D0C41C909EE90036ED85 /* swift2rest.app */;
			productType = "com.apple.product-type.application";
		};
/* End PBXNativeTarget section */

/* Begin PBXProject section */
		7856D0BC1C909EE90036ED85 /* Project object */ = {
			isa = PBXProject;
			attributes = {
				LastSwiftUpdateCheck = 0720;
				LastUpgradeCheck = 0720;
				ORGANIZATIONNAME = designmind;
				TargetAttributes = {
					7856D0C31C909EE90036ED85 = {
						CreatedOnToolsVersion = 7.2.1;
					};
				};
			};
			buildConfigurationList = 7856D0BF1C909EE90036ED85 /* Build configuration list for PBXProject "swift2rest" */;
			compatibilityVersion = "Xcode 3.2";
			developmentRegion = English;
			hasScannedForEncodings = 0;
			knownRegions = (
				en,
				Base,
			);
			mainGroup = 7856D0BB1C909EE90036ED85;
			productRefGroup = 7856D0C51C909EE90036ED85 /* Products */;
			projectDirPath = "";
			projectRoot = "";
			targets = (
				7856D0C31C909EE90036ED85 /* swift2rest */,
			);
		};
/* End PBXProject section */

/* Begin PBXResourcesBuildPhase section */
		7856D0C21C909EE90036ED85 /* Resources */ = {
			isa = PBXResourcesBuildPhase;
			buildActionMask = 2147483647;
			files = (
				7856D0D51C909EE90036ED85 /* LaunchScreen.storyboard in Resources */,
				7856D0D21C909EE90036ED85 /* Assets.xcassets in Resources */,
				7856D0CD1C909EE90036ED85 /* Main.storyboard in Resources */,
			);
			runOnlyForDeploymentPostprocessing = 0;
		};
/* End PBXResourcesBuildPhase section */

/* Begin PBXSourcesBuildPhase section */
		7856D0C01C909EE90036ED85 /* Sources */ = {
			isa = PBXSourcesBuildPhase;
			buildActionMask = 2147483647;
			files = (
				7856D0CA1C909EE90036ED85 /* ViewController.swift in Sources */,
				7856D0C81C909EE90036ED85 /* AppDelegate.swift in Sources */,
				7856D0D01C909EE90036ED85 /* swift2rest.xcdatamodeld in Sources */,
			);
			runOnlyForDeploymentPostprocessing = 0;
		};
/* End PBXSourcesBuildPhase section */

/* Begin PBXVariantGroup section */
		7856D0CB1C909EE90036ED85 /* Main.storyboard */ = {
			isa = PBXVariantGroup;
			children = (
				7856D0CC1C909EE90036ED85 /* Base */,
			);
			name = Main.storyboard;
			sourceTree = "<group>";
		};
		7856D0D31C909EE90036ED85 /* LaunchScreen.storyboard */ = {
			isa = PBXVariantGroup;
			children = (
				7856D0D41C909EE90036ED85 /* Base */,
			);
			name = LaunchScreen.storyboard;
			sourceTree = "<group>";
		};
/* End PBXVariantGroup section */

/* Begin XCBuildConfiguration section */
		7856D0D71C909EE90036ED85 /* Debug */ = {
			isa = XCBuildConfiguration;
			buildSettings = {
				ALWAYS_SEARCH_USER_PATHS = NO;
				CLANG_CXX_LANGUAGE_STANDARD = "gnu++0x";
				CLANG_CXX_LIBRARY = "libc++";
				CLANG_ENABLE_MODULES = YES;
				CLANG_ENABLE_OBJC_ARC = YES;
				CLANG_WARN_BOOL_CONVERSION = YES;
				CLANG_WARN_CONSTANT_CONVERSION = YES;
				CLANG_WARN_DIRECT_OBJC_ISA_USAGE = YES_ERROR;
				CLANG_WARN_EMPTY_BODY = YES;
				CLANG_WARN_ENUM_CONVERSION = YES;
				CLANG_WARN_INT_CONVERSION = YES;
				CLANG_WARN_OBJC_ROOT_CLASS = YES_ERROR;
				CLANG_WARN_UNREACHABLE_CODE = YES;
				CLANG_WARN__DUPLICATE_METHOD_MATCH = YES;
				"CODE_SIGN_IDENTITY[sdk=iphoneos*]" = "iPhone Developer";
				COPY_PHASE_STRIP = NO;
				DEBUG_INFORMATION_FORMAT = dwarf;
				ENABLE_STRICT_OBJC_MSGSEND = YES;
				ENABLE_TESTABILITY = YES;
				GCC_C_LANGUAGE_STANDARD = gnu99;
				GCC_DYNAMIC_NO_PIC = NO;
				GCC_NO_COMMON_BLOCKS = YES;
				GCC_OPTIMIZATION_LEVEL = 0;
				GCC_PREPROCESSOR_DEFINITIONS = (
					"DEBUG=1",
					"$(inherited)",
				);
				GCC_WARN_64_TO_32_BIT_CONVERSION = YES;
				GCC_WARN_ABOUT_RETURN_TYPE = YES_ERROR;
				GCC_WARN_UNDECLARED_SELECTOR = YES;
				GCC_WARN_UNINITIALIZED_AUTOS = YES_AGGRESSIVE;
				GCC_WARN_UNUSED_FUNCTION = YES;
				GCC_WARN_UNUSED_VARIABLE = YES;
				IPHONEOS_DEPLOYMENT_TARGET = 9.2;
				MTL_ENABLE_DEBUG_INFO = YES;
				ONLY_ACTIVE_ARCH = YES;
				SDKROOT = iphoneos;
				SWIFT_OPTIMIZATION_LEVEL = "-Onone";
			};
			name = Debug;
		};
		7856D0D81C909EE90036ED85 /* Release */ = {
			isa = XCBuildConfiguration;
			buildSettings = {
				ALWAYS_SEARCH_USER_PATHS = NO;
				CLANG_CXX_LANGUAGE_STANDARD = "gnu++0x";
				CLANG_CXX_LIBRARY = "libc++";
				CLANG_ENABLE_MODULES = YES;
				CLANG_ENABLE_OBJC_ARC = YES;
				CLANG_WARN_BOOL_CONVERSION = YES;
				CLANG_WARN_CONSTANT_CONVERSION = YES;
				CLANG_WARN_DIRECT_OBJC_ISA_USAGE = YES_ERROR;
				CLANG_WARN_EMPTY_BODY = YES;
				CLANG_WARN_ENUM_CONVERSION = YES;
				CLANG_WARN_INT_CONVERSION = YES;
				CLANG_WARN_OBJC_ROOT_CLASS = YES_ERROR;
				CLANG_WARN_UNREACHABLE_CODE = YES;
				CLANG_WARN__DUPLICATE_METHOD_MATCH = YES;
				"CODE_SIGN_IDENTITY[sdk=iphoneos*]" = "iPhone Developer";
				COPY_PHASE_STRIP = NO;
				DEBUG_INFORMATION_FORMAT = "dwarf-with-dsym";
				ENABLE_NS_ASSERTIONS = NO;
				ENABLE_STRICT_OBJC_MSGSEND = YES;
				GCC_C_LANGUAGE_STANDARD = gnu99;
				GCC_NO_COMMON_BLOCKS = YES;
				GCC_WARN_64_TO_32_BIT_CONVERSION = YES;
				GCC_WARN_ABOUT_RETURN_TYPE = YES_ERROR;
				GCC_WARN_UNDECLARED_SELECTOR = YES;
				GCC_WARN_UNINITIALIZED_AUTOS = YES_AGGRESSIVE;
				GCC_WARN_UNUSED_FUNCTION = YES;
				GCC_WARN_UNUSED_VARIABLE = YES;
				IPHONEOS_DEPLOYMENT_TARGET = 9.2;
				MTL_ENABLE_DEBUG_INFO = NO;
				SDKROOT = iphoneos;
				VALIDATE_PRODUCT = YES;
			};
			name = Release;
		};
		7856D0DA1C909EE90036ED85 /* Debug */ = {
			isa = XCBuildConfiguration;
			buildSettings = {
				ASSETCATALOG_COMPILER_APPICON_NAME = AppIcon;
				INFOPLIST_FILE = swift2rest/Info.plist;
				LD_RUNPATH_SEARCH_PATHS = "$(inherited) @executable_path/Frameworks";
				PRODUCT_BUNDLE_IDENTIFIER = com.designmind.swift2rest;
				PRODUCT_NAME = "$(TARGET_NAME)";
			};
			name = Debug;
		};
		7856D0DB1C909EE90036ED85 /* Release */ = {
			isa = XCBuildConfiguration;
			buildSettings = {
				ASSETCATALOG_COMPILER_APPICON_NAME = AppIcon;
				INFOPLIST_FILE = swift2rest/Info.plist;
				LD_RUNPATH_SEARCH_PATHS = "$(inherited) @executable_path/Frameworks";
				PRODUCT_BUNDLE_IDENTIFIER = com.designmind.swift2rest;
				PRODUCT_NAME = "$(TARGET_NAME)";
			};
			name = Release;
		};
/* End XCBuildConfiguration section */

/* Begin XCConfigurationList section */
		7856D0BF1C909EE90036ED85 /* Build configuration list for PBXProject "swift2rest" */ = {
			isa = XCConfigurationList;
			buildConfigurations = (
				7856D0D71C909EE90036ED85 /* Debug */,
				7856D0D81C909EE90036ED85 /* Release */,
			);
			defaultConfigurationIsVisible = 0;
			defaultConfigurationName = Release;
		};
		7856D0D91C909EE90036ED85 /* Build configuration list for PBXNativeTarget "swift2rest" */ = {
			isa = XCConfigurationList;
			buildConfigurations = (
				7856D0DA1C909EE90036ED85 /* Debug */,
				7856D0DB1C909EE90036ED85 /* Release */,
			);
			defaultConfigurationIsVisible = 0;
		};
/* End XCConfigurationList section */

/* Begin XCVersionGroup section */
		7856D0CE1C909EE90036ED85 /* swift2rest.xcdatamodeld */ = {
			isa = XCVersionGroup;
			children = (
				7856D0CF1C909EE90036ED85 /* swift2rest.xcdatamodel */,
			);
			currentVersion = 7856D0CF1C909EE90036ED85 /* swift2rest.xcdatamodel */;
			path = swift2rest.xcdatamodeld;
			sourceTree = "<group>";
			versionGroupType = wrapper.xcdatamodel;
		};
/* End XCVersionGroup section */
	};
	rootObject = 7856D0BC1C909EE90036ED85 /* Project object */;
}
