// !$*UTF8*$!
{
	archiveVersion = 1;
	classes = {
	};
	objectVersion = 46;
	objects = {

/* Begin PBXBuildFile section */
		7828C21E1C80FDD50095F80E /* AppDelegate.swift in Sources */ = {isa = PBXBuildFile; fileRef = 7828C21D1C80FDD50095F80E /* AppDelegate.swift */; };
		7828C2201C80FDD50095F80E /* ViewController.swift in Sources */ = {isa = PBXBuildFile; fileRef = 7828C21F1C80FDD50095F80E /* ViewController.swift */; };
		7828C2231C80FDD50095F80E /* Main.storyboard in Resources */ = {isa = PBXBuildFile; fileRef = 7828C2211C80FDD50095F80E /* Main.storyboard */; };
		7828C2261C80FDD50095F80E /* tracking.xcdatamodeld in Sources */ = {isa = PBXBuildFile; fileRef = 7828C2241C80FDD50095F80E /* tracking.xcdatamodeld */; };
		7828C2281C80FDD50095F80E /* Assets.xcassets in Resources */ = {isa = PBXBuildFile; fileRef = 7828C2271C80FDD50095F80E /* Assets.xcassets */; };
		7828C22B1C80FDD50095F80E /* LaunchScreen.storyboard in Resources */ = {isa = PBXBuildFile; fileRef = 7828C2291C80FDD50095F80E /* LaunchScreen.storyboard */; };
/* End PBXBuildFile section */

/* Begin PBXFileReference section */
		7828C21A1C80FDD50095F80E /* tracking.app */ = {isa = PBXFileReference; explicitFileType = wrapper.application; includeInIndex = 0; path = tracking.app; sourceTree = BUILT_PRODUCTS_DIR; };
		7828C21D1C80FDD50095F80E /* AppDelegate.swift */ = {isa = PBXFileReference; lastKnownFileType = sourcecode.swift; path = AppDelegate.swift; sourceTree = "<group>"; };
		7828C21F1C80FDD50095F80E /* ViewController.swift */ = {isa = PBXFileReference; lastKnownFileType = sourcecode.swift; path = ViewController.swift; sourceTree = "<group>"; };
		7828C2221C80FDD50095F80E /* Base */ = {isa = PBXFileReference; lastKnownFileType = file.storyboard; name = Base; path = Base.lproj/Main.storyboard; sourceTree = "<group>"; };
		7828C2251C80FDD50095F80E /* tracking.xcdatamodel */ = {isa = PBXFileReference; lastKnownFileType = wrapper.xcdatamodel; path = tracking.xcdatamodel; sourceTree = "<group>"; };
		7828C2271C80FDD50095F80E /* Assets.xcassets */ = {isa = PBXFileReference; lastKnownFileType = folder.assetcatalog; path = Assets.xcassets; sourceTree = "<group>"; };
		7828C22A1C80FDD50095F80E /* Base */ = {isa = PBXFileReference; lastKnownFileType = file.storyboard; name = Base; path = Base.lproj/LaunchScreen.storyboard; sourceTree = "<group>"; };
		7828C22C1C80FDD50095F80E /* Info.plist */ = {isa = PBXFileReference; lastKnownFileType = text.plist.xml; path = Info.plist; sourceTree = "<group>"; };
/* End PBXFileReference section */

/* Begin PBXFrameworksBuildPhase section */
		7828C2171C80FDD50095F80E /* Frameworks */ = {
			isa = PBXFrameworksBuildPhase;
			buildActionMask = 2147483647;
			files = (
			);
			runOnlyForDeploymentPostprocessing = 0;
		};
/* End PBXFrameworksBuildPhase section */

/* Begin PBXGroup section */
		7828C2111C80FDD50095F80E = {
			isa = PBXGroup;
			children = (
				7828C21C1C80FDD50095F80E /* tracking */,
				7828C21B1C80FDD50095F80E /* Products */,
			);
			sourceTree = "<group>";
		};
		7828C21B1C80FDD50095F80E /* Products */ = {
			isa = PBXGroup;
			children = (
				7828C21A1C80FDD50095F80E /* tracking.app */,
			);
			name = Products;
			sourceTree = "<group>";
		};
		7828C21C1C80FDD50095F80E /* tracking */ = {
			isa = PBXGroup;
			children = (
				7828C21D1C80FDD50095F80E /* AppDelegate.swift */,
				7828C21F1C80FDD50095F80E /* ViewController.swift */,
				7828C2211C80FDD50095F80E /* Main.storyboard */,
				7828C2271C80FDD50095F80E /* Assets.xcassets */,
				7828C2291C80FDD50095F80E /* LaunchScreen.storyboard */,
				7828C22C1C80FDD50095F80E /* Info.plist */,
				7828C2241C80FDD50095F80E /* tracking.xcdatamodeld */,
			);
			path = tracking;
			sourceTree = "<group>";
		};
/* End PBXGroup section */

/* Begin PBXNativeTarget section */
		7828C2191C80FDD50095F80E /* tracking */ = {
			isa = PBXNativeTarget;
			buildConfigurationList = 7828C22F1C80FDD50095F80E /* Build configuration list for PBXNativeTarget "tracking" */;
			buildPhases = (
				7828C2161C80FDD50095F80E /* Sources */,
				7828C2171C80FDD50095F80E /* Frameworks */,
				7828C2181C80FDD50095F80E /* Resources */,
			);
			buildRules = (
			);
			dependencies = (
			);
			name = tracking;
			productName = tracking;
			productReference = 7828C21A1C80FDD50095F80E /* tracking.app */;
			productType = "com.apple.product-type.application";
		};
/* End PBXNativeTarget section */

/* Begin PBXProject section */
		7828C2121C80FDD50095F80E /* Project object */ = {
			isa = PBXProject;
			attributes = {
				LastSwiftUpdateCheck = 0720;
				LastUpgradeCheck = 0720;
				ORGANIZATIONNAME = designmind;
				TargetAttributes = {
					7828C2191C80FDD50095F80E = {
						CreatedOnToolsVersion = 7.2.1;
						DevelopmentTeam = X5LUUM77TH;
					};
				};
			};
			buildConfigurationList = 7828C2151C80FDD50095F80E /* Build configuration list for PBXProject "tracking" */;
			compatibilityVersion = "Xcode 3.2";
			developmentRegion = English;
			hasScannedForEncodings = 0;
			knownRegions = (
				en,
				Base,
			);
			mainGroup = 7828C2111C80FDD50095F80E;
			productRefGroup = 7828C21B1C80FDD50095F80E /* Products */;
			projectDirPath = "";
			projectRoot = "";
			targets = (
				7828C2191C80FDD50095F80E /* tracking */,
			);
		};
/* End PBXProject section */

/* Begin PBXResourcesBuildPhase section */
		7828C2181C80FDD50095F80E /* Resources */ = {
			isa = PBXResourcesBuildPhase;
			buildActionMask = 2147483647;
			files = (
				7828C22B1C80FDD50095F80E /* LaunchScreen.storyboard in Resources */,
				7828C2281C80FDD50095F80E /* Assets.xcassets in Resources */,
				7828C2231C80FDD50095F80E /* Main.storyboard in Resources */,
			);
			runOnlyForDeploymentPostprocessing = 0;
		};
/* End PBXResourcesBuildPhase section */

/* Begin PBXSourcesBuildPhase section */
		7828C2161C80FDD50095F80E /* Sources */ = {
			isa = PBXSourcesBuildPhase;
			buildActionMask = 2147483647;
			files = (
				7828C2201C80FDD50095F80E /* ViewController.swift in Sources */,
				7828C2261C80FDD50095F80E /* tracking.xcdatamodeld in Sources */,
				7828C21E1C80FDD50095F80E /* AppDelegate.swift in Sources */,
			);
			runOnlyForDeploymentPostprocessing = 0;
		};
/* End PBXSourcesBuildPhase section */

/* Begin PBXVariantGroup section */
		7828C2211C80FDD50095F80E /* Main.storyboard */ = {
			isa = PBXVariantGroup;
			children = (
				7828C2221C80FDD50095F80E /* Base */,
			);
			name = Main.storyboard;
			sourceTree = "<group>";
		};
		7828C2291C80FDD50095F80E /* LaunchScreen.storyboard */ = {
			isa = PBXVariantGroup;
			children = (
				7828C22A1C80FDD50095F80E /* Base */,
			);
			name = LaunchScreen.storyboard;
			sourceTree = "<group>";
		};
/* End PBXVariantGroup section */

/* Begin XCBuildConfiguration section */
		7828C22D1C80FDD50095F80E /* Debug */ = {
			isa = XCBuildConfiguration;
			buildSettings = {
				ALWAYS_SEARCH_USER_PATHS = NO;
				CLANG_CXX_LANGUAGE_STANDARD = "gnu++0x";
				CLANG_CXX_LIBRARY = "libc++";
				CLANG_ENABLE_MODULES = YES;
				CLANG_ENABLE_OBJC_ARC = YES;
				CLANG_WARN_BOOL_CONVERSION = YES;
				CLANG_WARN_CONSTANT_CONVERSION = YES;
				CLANG_WARN_DIRECT_OBJC_ISA_USAGE = YES_ERROR;
				CLANG_WARN_EMPTY_BODY = YES;
				CLANG_WARN_ENUM_CONVERSION = YES;
				CLANG_WARN_INT_CONVERSION = YES;
				CLANG_WARN_OBJC_ROOT_CLASS = YES_ERROR;
				CLANG_WARN_UNREACHABLE_CODE = YES;
				CLANG_WARN__DUPLICATE_METHOD_MATCH = YES;
				"CODE_SIGN_IDENTITY[sdk=iphoneos*]" = "iPhone Developer";
				COPY_PHASE_STRIP = NO;
				DEBUG_INFORMATION_FORMAT = dwarf;
				ENABLE_STRICT_OBJC_MSGSEND = YES;
				ENABLE_TESTABILITY = YES;
				GCC_C_LANGUAGE_STANDARD = gnu99;
				GCC_DYNAMIC_NO_PIC = NO;
				GCC_NO_COMMON_BLOCKS = YES;
				GCC_OPTIMIZATION_LEVEL = 0;
				GCC_PREPROCESSOR_DEFINITIONS = (
					"DEBUG=1",
					"$(inherited)",
				);
				GCC_WARN_64_TO_32_BIT_CONVERSION = YES;
				GCC_WARN_ABOUT_RETURN_TYPE = YES_ERROR;
				GCC_WARN_UNDECLARED_SELECTOR = YES;
				GCC_WARN_UNINITIALIZED_AUTOS = YES_AGGRESSIVE;
				GCC_WARN_UNUSED_FUNCTION = YES;
				GCC_WARN_UNUSED_VARIABLE = YES;
				IPHONEOS_DEPLOYMENT_TARGET = 9.2;
				MTL_ENABLE_DEBUG_INFO = YES;
				ONLY_ACTIVE_ARCH = YES;
				SDKROOT = iphoneos;
				SWIFT_OPTIMIZATION_LEVEL = "-Onone";
			};
			name = Debug;
		};
		7828C22E1C80FDD50095F80E /* Release */ = {
			isa = XCBuildConfiguration;
			buildSettings = {
				ALWAYS_SEARCH_USER_PATHS = NO;
				CLANG_CXX_LANGUAGE_STANDARD = "gnu++0x";
				CLANG_CXX_LIBRARY = "libc++";
				CLANG_ENABLE_MODULES = YES;
				CLANG_ENABLE_OBJC_ARC = YES;
				CLANG_WARN_BOOL_CONVERSION = YES;
				CLANG_WARN_CONSTANT_CONVERSION = YES;
				CLANG_WARN_DIRECT_OBJC_ISA_USAGE = YES_ERROR;
				CLANG_WARN_EMPTY_BODY = YES;
				CLANG_WARN_ENUM_CONVERSION = YES;
				CLANG_WARN_INT_CONVERSION = YES;
				CLANG_WARN_OBJC_ROOT_CLASS = YES_ERROR;
				CLANG_WARN_UNREACHABLE_CODE = YES;
				CLANG_WARN__DUPLICATE_METHOD_MATCH = YES;
				"CODE_SIGN_IDENTITY[sdk=iphoneos*]" = "iPhone Developer";
				COPY_PHASE_STRIP = NO;
				DEBUG_INFORMATION_FORMAT = "dwarf-with-dsym";
				ENABLE_NS_ASSERTIONS = NO;
				ENABLE_STRICT_OBJC_MSGSEND = YES;
				GCC_C_LANGUAGE_STANDARD = gnu99;
				GCC_NO_COMMON_BLOCKS = YES;
				GCC_WARN_64_TO_32_BIT_CONVERSION = YES;
				GCC_WARN_ABOUT_RETURN_TYPE = YES_ERROR;
				GCC_WARN_UNDECLARED_SELECTOR = YES;
				GCC_WARN_UNINITIALIZED_AUTOS = YES_AGGRESSIVE;
				GCC_WARN_UNUSED_FUNCTION = YES;
				GCC_WARN_UNUSED_VARIABLE = YES;
				IPHONEOS_DEPLOYMENT_TARGET = 9.2;
				MTL_ENABLE_DEBUG_INFO = NO;
				SDKROOT = iphoneos;
				VALIDATE_PRODUCT = YES;
			};
			name = Release;
		};
		7828C2301C80FDD50095F80E /* Debug */ = {
			isa = XCBuildConfiguration;
			buildSettings = {
				ASSETCATALOG_COMPILER_APPICON_NAME = AppIcon;
				CODE_SIGN_IDENTITY = "iPhone Developer";
				"CODE_SIGN_IDENTITY[sdk=iphoneos*]" = "iPhone Developer";
				INFOPLIST_FILE = tracking/Info.plist;
				LD_RUNPATH_SEARCH_PATHS = "$(inherited) @executable_path/Frameworks";
				PRODUCT_BUNDLE_IDENTIFIER = com.designmind.tracking;
				PRODUCT_NAME = "$(TARGET_NAME)";
				PROVISIONING_PROFILE = "";
			};
			name = Debug;
		};
		7828C2311C80FDD50095F80E /* Release */ = {
			isa = XCBuildConfiguration;
			buildSettings = {
				ASSETCATALOG_COMPILER_APPICON_NAME = AppIcon;
				CODE_SIGN_IDENTITY = "iPhone Developer";
				"CODE_SIGN_IDENTITY[sdk=iphoneos*]" = "iPhone Developer";
				INFOPLIST_FILE = tracking/Info.plist;
				LD_RUNPATH_SEARCH_PATHS = "$(inherited) @executable_path/Frameworks";
				PRODUCT_BUNDLE_IDENTIFIER = com.designmind.tracking;
				PRODUCT_NAME = "$(TARGET_NAME)";
				PROVISIONING_PROFILE = "";
			};
			name = Release;
		};
/* End XCBuildConfiguration section */

/* Begin XCConfigurationList section */
		7828C2151C80FDD50095F80E /* Build configuration list for PBXProject "tracking" */ = {
			isa = XCConfigurationList;
			buildConfigurations = (
				7828C22D1C80FDD50095F80E /* Debug */,
				7828C22E1C80FDD50095F80E /* Release */,
			);
			defaultConfigurationIsVisible = 0;
			defaultConfigurationName = Release;
		};
		7828C22F1C80FDD50095F80E /* Build configuration list for PBXNativeTarget "tracking" */ = {
			isa = XCConfigurationList;
			buildConfigurations = (
				7828C2301C80FDD50095F80E /* Debug */,
				7828C2311C80FDD50095F80E /* Release */,
			);
			defaultConfigurationIsVisible = 0;
		};
/* End XCConfigurationList section */

/* Begin XCVersionGroup section */
		7828C2241C80FDD50095F80E /* tracking.xcdatamodeld */ = {
			isa = XCVersionGroup;
			children = (
				7828C2251C80FDD50095F80E /* tracking.xcdatamodel */,
			);
			currentVersion = 7828C2251C80FDD50095F80E /* tracking.xcdatamodel */;
			path = tracking.xcdatamodeld;
			sourceTree = "<group>";
			versionGroupType = wrapper.xcdatamodel;
		};
/* End XCVersionGroup section */
	};
	rootObject = 7828C2121C80FDD50095F80E /* Project object */;
}
